
Microsoft Visual Studio Solution File, Format Version 12.00
# Visual Studio Version 16
VisualStudioVersion = 16.0.31112.23
MinimumVisualStudioVersion = 10.0.40219.1
Project("{FAE04EC0-301F-11D3-BF4B-00C04F79EFBC}") = "Satisfactory_map", "Satisfactory_map.csproj", "{D56B9B48-7ABF-4CE6-81B0-74E04014DA2C}"
EndProject
Global
	GlobalSection(SolutionConfigurationPlatforms) = preSolution
		Debug|Any CPU = Debug|Any CPU
		Release|Any CPU = Release|Any CPU
	EndGlobalSection
	GlobalSection(ProjectConfigurationPlatforms) = postSolution
		{D56B9B48-7ABF-4CE6-81B0-74E04014DA2C}.Debug|Any CPU.ActiveCfg = Debug|Any CPU
		{D56B9B48-7ABF-4CE6-81B0-74E04014DA2C}.Debug|Any CPU.Build.0 = Debug|Any CPU
		{D56B9B48-7ABF-4CE6-81B0-74E04014DA2C}.Release|Any CPU.ActiveCfg = Release|Any CPU
		{D56B9B48-7ABF-4CE6-81B0-74E04014DA2C}.Release|Any CPU.Build.0 = Release|Any CPU
	EndGlobalSection
	GlobalSection(SolutionProperties) = preSolution
		HideSolutionNode = FALSE
	EndGlobalSection
	GlobalSection(ExtensibilityGlobals) = postSolution
		SolutionGuid = {F25B3A0D-2928-40C5-A278-B5BE69BA7CB1}
	EndGlobalSection
EndGlobal
